
Microsoft Visual Studio Solution File, Format Version 12.00
# Visual Studio Version 16
VisualStudioVersion = 16.0.30621.155
MinimumVisualStudioVersion = 10.0.40219.1
Project("{FAE04EC0-301F-11D3-BF4B-00C04F79EFBC}") = "WindowsFormsApp5", "WindowsFormsApp5\WindowsFormsApp5.csproj", "{F05E00DA-9C84-41ED-A49C-823113164005}"
EndProject
Global
	GlobalSection(SolutionConfigurationPlatforms) = preSolution
		Debug|Any CPU = Debug|Any CPU
		Release|Any CPU = Release|Any CPU
	EndGlobalSection
	GlobalSection(ProjectConfigurationPlatforms) = postSolution
		{F05E00DA-9C84-41ED-A49C-823113164005}.Debug|Any CPU.ActiveCfg = Debug|Any CPU
		{F05E00DA-9C84-41ED-A49C-823113164005}.Debug|Any CPU.Build.0 = Debug|Any CPU
		{F05E00DA-9C84-41ED-A49C-823113164005}.Release|Any CPU.ActiveCfg = Release|Any CPU
		{F05E00DA-9C84-41ED-A49C-823113164005}.Release|Any CPU.Build.0 = Release|Any CPU
	EndGlobalSection
	GlobalSection(SolutionProperties) = preSolution
		HideSolutionNode = FALSE
	EndGlobalSection
	GlobalSection(ExtensibilityGlobals) = postSolution
		SolutionGuid = {874C093A-0C01-4910-93EE-8E06A41890BE}
	EndGlobalSection
EndGlobal
